
Microsoft Visual Studio Solution File, Format Version 12.00
# Visual Studio Version 17
VisualStudioVersion = 17.10.34916.146
MinimumVisualStudioVersion = 10.0.40219.1
Project("{FAE04EC0-301F-11D3-BF4B-00C04F79EFBC}") = "Dice App", "Dice App\Dice App.csproj", "{B56589D8-6A58-4D98-8D88-BE7A1467AEE3}"
EndProject
Global
	GlobalSection(SolutionConfigurationPlatforms) = preSolution
		Debug|Any CPU = Debug|Any CPU
		Release|Any CPU = Release|Any CPU
	EndGlobalSection
	GlobalSection(ProjectConfigurationPlatforms) = postSolution
		{B56589D8-6A58-4D98-8D88-BE7A1467AEE3}.Debug|Any CPU.ActiveCfg = Debug|Any CPU
		{B56589D8-6A58-4D98-8D88-BE7A1467AEE3}.Debug|Any CPU.Build.0 = Debug|Any CPU
		{B56589D8-6A58-4D98-8D88-BE7A1467AEE3}.Release|Any CPU.ActiveCfg = Release|Any CPU
		{B56589D8-6A58-4D98-8D88-BE7A1467AEE3}.Release|Any CPU.Build.0 = Release|Any CPU
	EndGlobalSection
	GlobalSection(SolutionProperties) = preSolution
		HideSolutionNode = FALSE
	EndGlobalSection
	GlobalSection(ExtensibilityGlobals) = postSolution
		SolutionGuid = {184C1C6C-5CEA-4987-B8E5-E6A940B77676}
	EndGlobalSection
EndGlobal
